
Microsoft Visual Studio Solution File, Format Version 12.00
# Visual Studio Version 17
VisualStudioVersion = 17.9.34728.123
MinimumVisualStudioVersion = 10.0.40219.1
Project("{9A19103F-16F7-4668-BE54-9A1E7A4F7556}") = "RaceDb", "RaceDb\RaceDb.csproj", "{877AEC34-37DF-408B-BB70-A5C3A15309F4}"
EndProject
Project("{9A19103F-16F7-4668-BE54-9A1E7A4F7556}") = "RaceApplication", "RaceApplication\RaceApplication.csproj", "{937713A2-EBF8-45A7-80C1-45D7D2D76C7D}"
	ProjectSection(ProjectDependencies) = postProject
		{877AEC34-37DF-408B-BB70-A5C3A15309F4} = {877AEC34-37DF-408B-BB70-A5C3A15309F4}
	EndProjectSection
EndProject
Global
	GlobalSection(SolutionConfigurationPlatforms) = preSolution
		Debug|Any CPU = Debug|Any CPU
		Release|Any CPU = Release|Any CPU
	EndGlobalSection
	GlobalSection(ProjectConfigurationPlatforms) = postSolution
		{877AEC34-37DF-408B-BB70-A5C3A15309F4}.Debug|Any CPU.ActiveCfg = Debug|Any CPU
		{877AEC34-37DF-408B-BB70-A5C3A15309F4}.Debug|Any CPU.Build.0 = Debug|Any CPU
		{877AEC34-37DF-408B-BB70-A5C3A15309F4}.Release|Any CPU.ActiveCfg = Release|Any CPU
		{877AEC34-37DF-408B-BB70-A5C3A15309F4}.Release|Any CPU.Build.0 = Release|Any CPU
		{937713A2-EBF8-45A7-80C1-45D7D2D76C7D}.Debug|Any CPU.ActiveCfg = Debug|Any CPU
		{937713A2-EBF8-45A7-80C1-45D7D2D76C7D}.Debug|Any CPU.Build.0 = Debug|Any CPU
		{937713A2-EBF8-45A7-80C1-45D7D2D76C7D}.Release|Any CPU.ActiveCfg = Release|Any CPU
		{937713A2-EBF8-45A7-80C1-45D7D2D76C7D}.Release|Any CPU.Build.0 = Release|Any CPU
	EndGlobalSection
	GlobalSection(SolutionProperties) = preSolution
		HideSolutionNode = FALSE
	EndGlobalSection
	GlobalSection(ExtensibilityGlobals) = postSolution
		SolutionGuid = {5E51A86A-2BFA-4712-A763-A3B557013E8A}
	EndGlobalSection
EndGlobal
